// !$*UTF8*$!
{
	archiveVersion = 1;
	classes = {
	};
	objectVersion = 55;
	objects = {

/* Begin PBXBuildFile section */
		4D1ACE0E28AE7F5800308310 /* ResultViewController.swift in Sources */ = {isa = PBXBuildFile; fileRef = 4D1ACE0D28AE7F5800308310 /* ResultViewController.swift */; };
		4DC9B87B28B3F92E0085ED63 /* CalculateModel.swift in Sources */ = {isa = PBXBuildFile; fileRef = 4DC9B87A28B3F92E0085ED63 /* CalculateModel.swift */; };
		4DF5A11828AD288300A2FDF7 /* AppDelegate.swift in Sources */ = {isa = PBXBuildFile; fileRef = 4DF5A11728AD288300A2FDF7 /* AppDelegate.swift */; };
		4DF5A11A28AD288300A2FDF7 /* SceneDelegate.swift in Sources */ = {isa = PBXBuildFile; fileRef = 4DF5A11928AD288300A2FDF7 /* SceneDelegate.swift */; };
		4DF5A11C28AD288300A2FDF7 /* ViewController.swift in Sources */ = {isa = PBXBuildFile; fileRef = 4DF5A11B28AD288300A2FDF7 /* ViewController.swift */; };
		4DF5A12128AD288400A2FDF7 /* Assets.xcassets in Resources */ = {isa = PBXBuildFile; fileRef = 4DF5A12028AD288400A2FDF7 /* Assets.xcassets */; };
		4DF5A12428AD288400A2FDF7 /* LaunchScreen.storyboard in Resources */ = {isa = PBXBuildFile; fileRef = 4DF5A12228AD288400A2FDF7 /* LaunchScreen.storyboard */; };
		4DF5A13128AD291F00A2FDF7 /* ViewConfiguration.swift in Sources */ = {isa = PBXBuildFile; fileRef = 4DF5A13028AD291F00A2FDF7 /* ViewConfiguration.swift */; };
		4DF5A13528AD2AEA00A2FDF7 /* PaymentsView.swift in Sources */ = {isa = PBXBuildFile; fileRef = 4DF5A13428AD2AEA00A2FDF7 /* PaymentsView.swift */; };
		4DF5A13728AD2BCF00A2FDF7 /* ButtonConfiguration.swift in Sources */ = {isa = PBXBuildFile; fileRef = 4DF5A13628AD2BCF00A2FDF7 /* ButtonConfiguration.swift */; };
		4DF5A13928AD2C0200A2FDF7 /* LabelConfiguration.swift in Sources */ = {isa = PBXBuildFile; fileRef = 4DF5A13828AD2C0200A2FDF7 /* LabelConfiguration.swift */; };
		4DF5A13B28AD2C2800A2FDF7 /* TextFieldConfiguration.swift in Sources */ = {isa = PBXBuildFile; fileRef = 4DF5A13A28AD2C2800A2FDF7 /* TextFieldConfiguration.swift */; };
		4DF5A13D28AD2C6000A2FDF7 /* ResultsPaymentsView.swift in Sources */ = {isa = PBXBuildFile; fileRef = 4DF5A13C28AD2C6000A2FDF7 /* ResultsPaymentsView.swift */; };
		4DF5A14028AD2D4D00A2FDF7 /* Constants.swift in Sources */ = {isa = PBXBuildFile; fileRef = 4DF5A13F28AD2D4D00A2FDF7 /* Constants.swift */; };
		4DF5A14428AD31D500A2FDF7 /* ViewProtocol.swift in Sources */ = {isa = PBXBuildFile; fileRef = 4DF5A14328AD31D500A2FDF7 /* ViewProtocol.swift */; };
		4DF5A14628AD3D1400A2FDF7 /* StepperConfiguration.swift in Sources */ = {isa = PBXBuildFile; fileRef = 4DF5A14528AD3D1400A2FDF7 /* StepperConfiguration.swift */; };
		4DF5A14828AD42EC00A2FDF7 /* StackConfiguration.swift in Sources */ = {isa = PBXBuildFile; fileRef = 4DF5A14728AD42EC00A2FDF7 /* StackConfiguration.swift */; };
		4DF5A14A28AD48C900A2FDF7 /* ColorsDesign.swift in Sources */ = {isa = PBXBuildFile; fileRef = 4DF5A14928AD48C900A2FDF7 /* ColorsDesign.swift */; };
		A457A0E97B37EF1AD02A243B /* Pods_RestaurantPay.framework in Frameworks */ = {isa = PBXBuildFile; fileRef = 1F4EA9E412BFC06E2C9293E4 /* Pods_RestaurantPay.framework */; };
/* End PBXBuildFile section */

/* Begin PBXFileReference section */
		1F4EA9E412BFC06E2C9293E4 /* Pods_RestaurantPay.framework */ = {isa = PBXFileReference; explicitFileType = wrapper.framework; includeInIndex = 0; path = Pods_RestaurantPay.framework; sourceTree = BUILT_PRODUCTS_DIR; };
		4D1ACE0D28AE7F5800308310 /* ResultViewController.swift */ = {isa = PBXFileReference; lastKnownFileType = sourcecode.swift; path = ResultViewController.swift; sourceTree = "<group>"; };
		4DC9B87A28B3F92E0085ED63 /* CalculateModel.swift */ = {isa = PBXFileReference; lastKnownFileType = sourcecode.swift; path = CalculateModel.swift; sourceTree = "<group>"; };
		4DF5A11428AD288200A2FDF7 /* RestaurantPay.app */ = {isa = PBXFileReference; explicitFileType = wrapper.application; includeInIndex = 0; path = RestaurantPay.app; sourceTree = BUILT_PRODUCTS_DIR; };
		4DF5A11728AD288300A2FDF7 /* AppDelegate.swift */ = {isa = PBXFileReference; lastKnownFileType = sourcecode.swift; path = AppDelegate.swift; sourceTree = "<group>"; };
		4DF5A11928AD288300A2FDF7 /* SceneDelegate.swift */ = {isa = PBXFileReference; lastKnownFileType = sourcecode.swift; path = SceneDelegate.swift; sourceTree = "<group>"; };
		4DF5A11B28AD288300A2FDF7 /* ViewController.swift */ = {isa = PBXFileReference; lastKnownFileType = sourcecode.swift; path = ViewController.swift; sourceTree = "<group>"; };
		4DF5A12028AD288400A2FDF7 /* Assets.xcassets */ = {isa = PBXFileReference; lastKnownFileType = folder.assetcatalog; path = Assets.xcassets; sourceTree = "<group>"; };
		4DF5A12328AD288400A2FDF7 /* Base */ = {isa = PBXFileReference; lastKnownFileType = file.storyboard; name = Base; path = Base.lproj/LaunchScreen.storyboard; sourceTree = "<group>"; };
		4DF5A12528AD288400A2FDF7 /* Info.plist */ = {isa = PBXFileReference; lastKnownFileType = text.plist.xml; path = Info.plist; sourceTree = "<group>"; };
		4DF5A13028AD291F00A2FDF7 /* ViewConfiguration.swift */ = {isa = PBXFileReference; lastKnownFileType = sourcecode.swift; name = ViewConfiguration.swift; path = ../../Protocols/ViewConfiguration.swift; sourceTree = "<group>"; };
		4DF5A13428AD2AEA00A2FDF7 /* PaymentsView.swift */ = {isa = PBXFileReference; lastKnownFileType = sourcecode.swift; path = PaymentsView.swift; sourceTree = "<group>"; };
		4DF5A13628AD2BCF00A2FDF7 /* ButtonConfiguration.swift */ = {isa = PBXFileReference; lastKnownFileType = sourcecode.swift; path = ButtonConfiguration.swift; sourceTree = "<group>"; };
		4DF5A13828AD2C0200A2FDF7 /* LabelConfiguration.swift */ = {isa = PBXFileReference; lastKnownFileType = sourcecode.swift; path = LabelConfiguration.swift; sourceTree = "<group>"; };
		4DF5A13A28AD2C2800A2FDF7 /* TextFieldConfiguration.swift */ = {isa = PBXFileReference; lastKnownFileType = sourcecode.swift; path = TextFieldConfiguration.swift; sourceTree = "<group>"; };
		4DF5A13C28AD2C6000A2FDF7 /* ResultsPaymentsView.swift */ = {isa = PBXFileReference; lastKnownFileType = sourcecode.swift; path = ResultsPaymentsView.swift; sourceTree = "<group>"; };
		4DF5A13F28AD2D4D00A2FDF7 /* Constants.swift */ = {isa = PBXFileReference; lastKnownFileType = sourcecode.swift; path = Constants.swift; sourceTree = "<group>"; };
		4DF5A14328AD31D500A2FDF7 /* ViewProtocol.swift */ = {isa = PBXFileReference; lastKnownFileType = sourcecode.swift; path = ViewProtocol.swift; sourceTree = "<group>"; };
		4DF5A14528AD3D1400A2FDF7 /* StepperConfiguration.swift */ = {isa = PBXFileReference; lastKnownFileType = sourcecode.swift; path = StepperConfiguration.swift; sourceTree = "<group>"; };
		4DF5A14728AD42EC00A2FDF7 /* StackConfiguration.swift */ = {isa = PBXFileReference; lastKnownFileType = sourcecode.swift; path = StackConfiguration.swift; sourceTree = "<group>"; };
		4DF5A14928AD48C900A2FDF7 /* ColorsDesign.swift */ = {isa = PBXFileReference; lastKnownFileType = sourcecode.swift; path = ColorsDesign.swift; sourceTree = "<group>"; };
		DC5ACDFBB0531A766231438D /* Pods-RestaurantPay.release.xcconfig */ = {isa = PBXFileReference; includeInIndex = 1; lastKnownFileType = text.xcconfig; name = "Pods-RestaurantPay.release.xcconfig"; path = "Target Support Files/Pods-RestaurantPay/Pods-RestaurantPay.release.xcconfig"; sourceTree = "<group>"; };
		F259D75127C9F90FACCC695B /* Pods-RestaurantPay.debug.xcconfig */ = {isa = PBXFileReference; includeInIndex = 1; lastKnownFileType = text.xcconfig; name = "Pods-RestaurantPay.debug.xcconfig"; path = "Target Support Files/Pods-RestaurantPay/Pods-RestaurantPay.debug.xcconfig"; sourceTree = "<group>"; };
/* End PBXFileReference section */

/* Begin PBXFrameworksBuildPhase section */
		4DF5A11128AD288200A2FDF7 /* Frameworks */ = {
			isa = PBXFrameworksBuildPhase;
			buildActionMask = 2147483647;
			files = (
				A457A0E97B37EF1AD02A243B /* Pods_RestaurantPay.framework in Frameworks */,
			);
			runOnlyForDeploymentPostprocessing = 0;
		};
/* End PBXFrameworksBuildPhase section */

/* Begin PBXGroup section */
		4DF5A10B28AD288200A2FDF7 = {
			isa = PBXGroup;
			children = (
				4DF5A11628AD288200A2FDF7 /* RestaurantPay */,
				4DF5A12228AD288400A2FDF7 /* LaunchScreen.storyboard */,
				4DF5A12028AD288400A2FDF7 /* Assets.xcassets */,
				4DF5A11528AD288200A2FDF7 /* Products */,
				6D7DB96073CF7C2388908451 /* Pods */,
				8738BF4584A28B9DECA1B915 /* Frameworks */,
			);
			sourceTree = "<group>";
		};
		4DF5A11528AD288200A2FDF7 /* Products */ = {
			isa = PBXGroup;
			children = (
				4DF5A11428AD288200A2FDF7 /* RestaurantPay.app */,
			);
			name = Products;
			sourceTree = "<group>";
		};
		4DF5A11628AD288200A2FDF7 /* RestaurantPay */ = {
			isa = PBXGroup;
			children = (
				4DF5A11728AD288300A2FDF7 /* AppDelegate.swift */,
				4DF5A11928AD288300A2FDF7 /* SceneDelegate.swift */,
				4DF5A12E28AD28B800A2FDF7 /* Protocols */,
				4DF5A12D28AD28B200A2FDF7 /* ViewModel */,
				4DF5A12C28AD28AC00A2FDF7 /* View */,
				4DF5A12B28AD28A200A2FDF7 /* Controller */,
				4DF5A12F28AD28C900A2FDF7 /* Helper Files */,
				4DF5A12528AD288400A2FDF7 /* Info.plist */,
			);
			path = RestaurantPay;
			sourceTree = "<group>";
		};
		4DF5A12B28AD28A200A2FDF7 /* Controller */ = {
			isa = PBXGroup;
			children = (
				4DF5A11B28AD288300A2FDF7 /* ViewController.swift */,
				4D1ACE0D28AE7F5800308310 /* ResultViewController.swift */,
			);
			path = Controller;
			sourceTree = "<group>";
		};
		4DF5A12C28AD28AC00A2FDF7 /* View */ = {
			isa = PBXGroup;
			children = (
				4DF5A13428AD2AEA00A2FDF7 /* PaymentsView.swift */,
				4DF5A13C28AD2C6000A2FDF7 /* ResultsPaymentsView.swift */,
				4DF5A13E28AD2C7100A2FDF7 /* Configuration */,
			);
			path = View;
			sourceTree = "<group>";
		};
		4DF5A12D28AD28B200A2FDF7 /* ViewModel */ = {
			isa = PBXGroup;
			children = (
				4DC9B87A28B3F92E0085ED63 /* CalculateModel.swift */,
			);
			path = ViewModel;
			sourceTree = "<group>";
		};
		4DF5A12E28AD28B800A2FDF7 /* Protocols */ = {
			isa = PBXGroup;
			children = (
				4DF5A14328AD31D500A2FDF7 /* ViewProtocol.swift */,
			);
			path = Protocols;
			sourceTree = "<group>";
		};
		4DF5A12F28AD28C900A2FDF7 /* Helper Files */ = {
			isa = PBXGroup;
			children = (
				4DF5A13F28AD2D4D00A2FDF7 /* Constants.swift */,
				4DF5A14928AD48C900A2FDF7 /* ColorsDesign.swift */,
			);
			path = "Helper Files";
			sourceTree = "<group>";
		};
		4DF5A13E28AD2C7100A2FDF7 /* Configuration */ = {
			isa = PBXGroup;
			children = (
				4DF5A13628AD2BCF00A2FDF7 /* ButtonConfiguration.swift */,
				4DF5A13828AD2C0200A2FDF7 /* LabelConfiguration.swift */,
				4DF5A13A28AD2C2800A2FDF7 /* TextFieldConfiguration.swift */,
				4DF5A13028AD291F00A2FDF7 /* ViewConfiguration.swift */,
				4DF5A14528AD3D1400A2FDF7 /* StepperConfiguration.swift */,
				4DF5A14728AD42EC00A2FDF7 /* StackConfiguration.swift */,
			);
			path = Configuration;
			sourceTree = "<group>";
		};
		6D7DB96073CF7C2388908451 /* Pods */ = {
			isa = PBXGroup;
			children = (
				F259D75127C9F90FACCC695B /* Pods-RestaurantPay.debug.xcconfig */,
				DC5ACDFBB0531A766231438D /* Pods-RestaurantPay.release.xcconfig */,
			);
			path = Pods;
			sourceTree = "<group>";
		};
		8738BF4584A28B9DECA1B915 /* Frameworks */ = {
			isa = PBXGroup;
			children = (
				1F4EA9E412BFC06E2C9293E4 /* Pods_RestaurantPay.framework */,
			);
			name = Frameworks;
			sourceTree = "<group>";
		};
/* End PBXGroup section */

/* Begin PBXNativeTarget section */
		4DF5A11328AD288200A2FDF7 /* RestaurantPay */ = {
			isa = PBXNativeTarget;
			buildConfigurationList = 4DF5A12828AD288400A2FDF7 /* Build configuration list for PBXNativeTarget "RestaurantPay" */;
			buildPhases = (
				846D2A09BA6D869D7C1C8B6A /* [CP] Check Pods Manifest.lock */,
				4DF5A11028AD288200A2FDF7 /* Sources */,
				4DF5A11128AD288200A2FDF7 /* Frameworks */,
				4DF5A11228AD288200A2FDF7 /* Resources */,
				9F9A2B9495EA8FA7D08C13E0 /* [CP] Embed Pods Frameworks */,
			);
			buildRules = (
			);
			dependencies = (
			);
			name = RestaurantPay;
			productName = RestaurantPay;
			productReference = 4DF5A11428AD288200A2FDF7 /* RestaurantPay.app */;
			productType = "com.apple.product-type.application";
		};
/* End PBXNativeTarget section */

/* Begin PBXProject section */
		4DF5A10C28AD288200A2FDF7 /* Project object */ = {
			isa = PBXProject;
			attributes = {
				BuildIndependentTargetsInParallel = 1;
				LastSwiftUpdateCheck = 1340;
				LastUpgradeCheck = 1340;
				TargetAttributes = {
					4DF5A11328AD288200A2FDF7 = {
						CreatedOnToolsVersion = 13.4.1;
					};
				};
			};
			buildConfigurationList = 4DF5A10F28AD288200A2FDF7 /* Build configuration list for PBXProject "RestaurantPay" */;
			compatibilityVersion = "Xcode 13.0";
			developmentRegion = en;
			hasScannedForEncodings = 0;
			knownRegions = (
				en,
				Base,
			);
			mainGroup = 4DF5A10B28AD288200A2FDF7;
			productRefGroup = 4DF5A11528AD288200A2FDF7 /* Products */;
			projectDirPath = "";
			projectRoot = "";
			targets = (
				4DF5A11328AD288200A2FDF7 /* RestaurantPay */,
			);
		};
/* End PBXProject section */

/* Begin PBXResourcesBuildPhase section */
		4DF5A11228AD288200A2FDF7 /* Resources */ = {
			isa = PBXResourcesBuildPhase;
			buildActionMask = 2147483647;
			files = (
				4DF5A12428AD288400A2FDF7 /* LaunchScreen.storyboard in Resources */,
				4DF5A12128AD288400A2FDF7 /* Assets.xcassets in Resources */,
			);
			runOnlyForDeploymentPostprocessing = 0;
		};
/* End PBXResourcesBuildPhase section */

/* Begin PBXShellScriptBuildPhase section */
		846D2A09BA6D869D7C1C8B6A /* [CP] Check Pods Manifest.lock */ = {
			isa = PBXShellScriptBuildPhase;
			buildActionMask = 2147483647;
			files = (
			);
			inputFileListPaths = (
			);
			inputPaths = (
				"${PODS_PODFILE_DIR_PATH}/Podfile.lock",
				"${PODS_ROOT}/Manifest.lock",
			);
			name = "[CP] Check Pods Manifest.lock";
			outputFileListPaths = (
			);
			outputPaths = (
				"$(DERIVED_FILE_DIR)/Pods-RestaurantPay-checkManifestLockResult.txt",
			);
			runOnlyForDeploymentPostprocessing = 0;
			shellPath = /bin/sh;
			shellScript = "diff \"${PODS_PODFILE_DIR_PATH}/Podfile.lock\" \"${PODS_ROOT}/Manifest.lock\" > /dev/null\nif [ $? != 0 ] ; then\n    # print error to STDERR\n    echo \"error: The sandbox is not in sync with the Podfile.lock. Run 'pod install' or update your CocoaPods installation.\" >&2\n    exit 1\nfi\n# This output is used by Xcode 'outputs' to avoid re-running this script phase.\necho \"SUCCESS\" > \"${SCRIPT_OUTPUT_FILE_0}\"\n";
			showEnvVarsInLog = 0;
		};
		9F9A2B9495EA8FA7D08C13E0 /* [CP] Embed Pods Frameworks */ = {
			isa = PBXShellScriptBuildPhase;
			buildActionMask = 2147483647;
			files = (
			);
			inputFileListPaths = (
				"${PODS_ROOT}/Target Support Files/Pods-RestaurantPay/Pods-RestaurantPay-frameworks-${CONFIGURATION}-input-files.xcfilelist",
			);
			name = "[CP] Embed Pods Frameworks";
			outputFileListPaths = (
				"${PODS_ROOT}/Target Support Files/Pods-RestaurantPay/Pods-RestaurantPay-frameworks-${CONFIGURATION}-output-files.xcfilelist",
			);
			runOnlyForDeploymentPostprocessing = 0;
			shellPath = /bin/sh;
			shellScript = "\"${PODS_ROOT}/Target Support Files/Pods-RestaurantPay/Pods-RestaurantPay-frameworks.sh\"\n";
			showEnvVarsInLog = 0;
		};
/* End PBXShellScriptBuildPhase section */

/* Begin PBXSourcesBuildPhase section */
		4DF5A11028AD288200A2FDF7 /* Sources */ = {
			isa = PBXSourcesBuildPhase;
			buildActionMask = 2147483647;
			files = (
				4DF5A13B28AD2C2800A2FDF7 /* TextFieldConfiguration.swift in Sources */,
				4DF5A11C28AD288300A2FDF7 /* ViewController.swift in Sources */,
				4DF5A13928AD2C0200A2FDF7 /* LabelConfiguration.swift in Sources */,
				4DF5A13128AD291F00A2FDF7 /* ViewConfiguration.swift in Sources */,
				4DF5A11828AD288300A2FDF7 /* AppDelegate.swift in Sources */,
				4D1ACE0E28AE7F5800308310 /* ResultViewController.swift in Sources */,
				4DF5A14028AD2D4D00A2FDF7 /* Constants.swift in Sources */,
				4DF5A11A28AD288300A2FDF7 /* SceneDelegate.swift in Sources */,
				4DF5A13728AD2BCF00A2FDF7 /* ButtonConfiguration.swift in Sources */,
				4DF5A14628AD3D1400A2FDF7 /* StepperConfiguration.swift in Sources */,
				4DF5A14828AD42EC00A2FDF7 /* StackConfiguration.swift in Sources */,
				4DF5A13528AD2AEA00A2FDF7 /* PaymentsView.swift in Sources */,
				4DF5A14428AD31D500A2FDF7 /* ViewProtocol.swift in Sources */,
				4DF5A13D28AD2C6000A2FDF7 /* ResultsPaymentsView.swift in Sources */,
				4DC9B87B28B3F92E0085ED63 /* CalculateModel.swift in Sources */,
				4DF5A14A28AD48C900A2FDF7 /* ColorsDesign.swift in Sources */,
			);
			runOnlyForDeploymentPostprocessing = 0;
		};
/* End PBXSourcesBuildPhase section */

/* Begin PBXVariantGroup section */
		4DF5A12228AD288400A2FDF7 /* LaunchScreen.storyboard */ = {
			isa = PBXVariantGroup;
			children = (
				4DF5A12328AD288400A2FDF7 /* Base */,
			);
			name = LaunchScreen.storyboard;
			sourceTree = "<group>";
		};
/* End PBXVariantGroup section */

/* Begin XCBuildConfiguration section */
		4DF5A12628AD288400A2FDF7 /* Debug */ = {
			isa = XCBuildConfiguration;
			buildSettings = {
				ALWAYS_SEARCH_USER_PATHS = NO;
				CLANG_ANALYZER_NONNULL = YES;
				CLANG_ANALYZER_NUMBER_OBJECT_CONVERSION = YES_AGGRESSIVE;
				CLANG_CXX_LANGUAGE_STANDARD = "gnu++17";
				CLANG_ENABLE_MODULES = YES;
				CLANG_ENABLE_OBJC_ARC = YES;
				CLANG_ENABLE_OBJC_WEAK = YES;
				CLANG_WARN_BLOCK_CAPTURE_AUTORELEASING = YES;
				CLANG_WARN_BOOL_CONVERSION = YES;
				CLANG_WARN_COMMA = YES;
				CLANG_WARN_CONSTANT_CONVERSION = YES;
				CLANG_WARN_DEPRECATED_OBJC_IMPLEMENTATIONS = YES;
				CLANG_WARN_DIRECT_OBJC_ISA_USAGE = YES_ERROR;
				CLANG_WARN_DOCUMENTATION_COMMENTS = YES;
				CLANG_WARN_EMPTY_BODY = YES;
				CLANG_WARN_ENUM_CONVERSION = YES;
				CLANG_WARN_INFINITE_RECURSION = YES;
				CLANG_WARN_INT_CONVERSION = YES;
				CLANG_WARN_NON_LITERAL_NULL_CONVERSION = YES;
				CLANG_WARN_OBJC_IMPLICIT_RETAIN_SELF = YES;
				CLANG_WARN_OBJC_LITERAL_CONVERSION = YES;
				CLANG_WARN_OBJC_ROOT_CLASS = YES_ERROR;
				CLANG_WARN_QUOTED_INCLUDE_IN_FRAMEWORK_HEADER = YES;
				CLANG_WARN_RANGE_LOOP_ANALYSIS = YES;
				CLANG_WARN_STRICT_PROTOTYPES = YES;
				CLANG_WARN_SUSPICIOUS_MOVE = YES;
				CLANG_WARN_UNGUARDED_AVAILABILITY = YES_AGGRESSIVE;
				CLANG_WARN_UNREACHABLE_CODE = YES;
				CLANG_WARN__DUPLICATE_METHOD_MATCH = YES;
				COPY_PHASE_STRIP = NO;
				DEBUG_INFORMATION_FORMAT = dwarf;
				ENABLE_STRICT_OBJC_MSGSEND = YES;
				ENABLE_TESTABILITY = YES;
				GCC_C_LANGUAGE_STANDARD = gnu11;
				GCC_DYNAMIC_NO_PIC = NO;
				GCC_NO_COMMON_BLOCKS = YES;
				GCC_OPTIMIZATION_LEVEL = 0;
				GCC_PREPROCESSOR_DEFINITIONS = (
					"DEBUG=1",
					"$(inherited)",
				);
				GCC_WARN_64_TO_32_BIT_CONVERSION = YES;
				GCC_WARN_ABOUT_RETURN_TYPE = YES_ERROR;
				GCC_WARN_UNDECLARED_SELECTOR = YES;
				GCC_WARN_UNINITIALIZED_AUTOS = YES_AGGRESSIVE;
				GCC_WARN_UNUSED_FUNCTION = YES;
				GCC_WARN_UNUSED_VARIABLE = YES;
				IPHONEOS_DEPLOYMENT_TARGET = 15.5;
				MTL_ENABLE_DEBUG_INFO = INCLUDE_SOURCE;
				MTL_FAST_MATH = YES;
				ONLY_ACTIVE_ARCH = YES;
				SDKROOT = iphoneos;
				SWIFT_ACTIVE_COMPILATION_CONDITIONS = DEBUG;
				SWIFT_OPTIMIZATION_LEVEL = "-Onone";
			};
			name = Debug;
		};
		4DF5A12728AD288400A2FDF7 /* Release */ = {
			isa = XCBuildConfiguration;
			buildSettings = {
				ALWAYS_SEARCH_USER_PATHS = NO;
				CLANG_ANALYZER_NONNULL = YES;
				CLANG_ANALYZER_NUMBER_OBJECT_CONVERSION = YES_AGGRESSIVE;
				CLANG_CXX_LANGUAGE_STANDARD = "gnu++17";
				CLANG_ENABLE_MODULES = YES;
				CLANG_ENABLE_OBJC_ARC = YES;
				CLANG_ENABLE_OBJC_WEAK = YES;
				CLANG_WARN_BLOCK_CAPTURE_AUTORELEASING = YES;
				CLANG_WARN_BOOL_CONVERSION = YES;
				CLANG_WARN_COMMA = YES;
				CLANG_WARN_CONSTANT_CONVERSION = YES;
				CLANG_WARN_DEPRECATED_OBJC_IMPLEMENTATIONS = YES;
				CLANG_WARN_DIRECT_OBJC_ISA_USAGE = YES_ERROR;
				CLANG_WARN_DOCUMENTATION_COMMENTS = YES;
				CLANG_WARN_EMPTY_BODY = YES;
				CLANG_WARN_ENUM_CONVERSION = YES;
				CLANG_WARN_INFINITE_RECURSION = YES;
				CLANG_WARN_INT_CONVERSION = YES;
				CLANG_WARN_NON_LITERAL_NULL_CONVERSION = YES;
				CLANG_WARN_OBJC_IMPLICIT_RETAIN_SELF = YES;
				CLANG_WARN_OBJC_LITERAL_CONVERSION = YES;
				CLANG_WARN_OBJC_ROOT_CLASS = YES_ERROR;
				CLANG_WARN_QUOTED_INCLUDE_IN_FRAMEWORK_HEADER = YES;
				CLANG_WARN_RANGE_LOOP_ANALYSIS = YES;
				CLANG_WARN_STRICT_PROTOTYPES = YES;
				CLANG_WARN_SUSPICIOUS_MOVE = YES;
				CLANG_WARN_UNGUARDED_AVAILABILITY = YES_AGGRESSIVE;
				CLANG_WARN_UNREACHABLE_CODE = YES;
				CLANG_WARN__DUPLICATE_METHOD_MATCH = YES;
				COPY_PHASE_STRIP = NO;
				DEBUG_INFORMATION_FORMAT = "dwarf-with-dsym";
				ENABLE_NS_ASSERTIONS = NO;
				ENABLE_STRICT_OBJC_MSGSEND = YES;
				GCC_C_LANGUAGE_STANDARD = gnu11;
				GCC_NO_COMMON_BLOCKS = YES;
				GCC_WARN_64_TO_32_BIT_CONVERSION = YES;
				GCC_WARN_ABOUT_RETURN_TYPE = YES_ERROR;
				GCC_WARN_UNDECLARED_SELECTOR = YES;
				GCC_WARN_UNINITIALIZED_AUTOS = YES_AGGRESSIVE;
				GCC_WARN_UNUSED_FUNCTION = YES;
				GCC_WARN_UNUSED_VARIABLE = YES;
				IPHONEOS_DEPLOYMENT_TARGET = 15.5;
				MTL_ENABLE_DEBUG_INFO = NO;
				MTL_FAST_MATH = YES;
				SDKROOT = iphoneos;
				SWIFT_COMPILATION_MODE = wholemodule;
				SWIFT_OPTIMIZATION_LEVEL = "-O";
				VALIDATE_PRODUCT = YES;
			};
			name = Release;
		};
		4DF5A12928AD288400A2FDF7 /* Debug */ = {
			isa = XCBuildConfiguration;
			baseConfigurationReference = F259D75127C9F90FACCC695B /* Pods-RestaurantPay.debug.xcconfig */;
			buildSettings = {
				ASSETCATALOG_COMPILER_APPICON_NAME = AppIcon;
				ASSETCATALOG_COMPILER_GLOBAL_ACCENT_COLOR_NAME = AccentColor;
				CODE_SIGN_STYLE = Automatic;
				CURRENT_PROJECT_VERSION = 1;
				DEVELOPMENT_TEAM = TK75PYXMLS;
				GENERATE_INFOPLIST_FILE = YES;
				INFOPLIST_FILE = RestaurantPay/Info.plist;
				INFOPLIST_KEY_UIApplicationSupportsIndirectInputEvents = YES;
				INFOPLIST_KEY_UILaunchStoryboardName = LaunchScreen;
				INFOPLIST_KEY_UISupportedInterfaceOrientations = UIInterfaceOrientationPortrait;
				INFOPLIST_KEY_UISupportedInterfaceOrientations_iPad = "UIInterfaceOrientationPortrait UIInterfaceOrientationPortraitUpsideDown UIInterfaceOrientationLandscapeLeft UIInterfaceOrientationLandscapeRight";
				INFOPLIST_KEY_UISupportedInterfaceOrientations_iPhone = "UIInterfaceOrientationPortrait UIInterfaceOrientationLandscapeLeft UIInterfaceOrientationLandscapeRight";
				LD_RUNPATH_SEARCH_PATHS = (
					"$(inherited)",
					"@executable_path/Frameworks",
				);
				MARKETING_VERSION = 1.0;
				PRODUCT_BUNDLE_IDENTIFIER = com.ProjetoCLima.RestaurantPay;
				PRODUCT_NAME = "$(TARGET_NAME)";
				SWIFT_EMIT_LOC_STRINGS = YES;
				SWIFT_VERSION = 5.0;
				TARGETED_DEVICE_FAMILY = "1,2";
			};
			name = Debug;
		};
		4DF5A12A28AD288400A2FDF7 /* Release */ = {
			isa = XCBuildConfiguration;
			baseConfigurationReference = DC5ACDFBB0531A766231438D /* Pods-RestaurantPay.release.xcconfig */;
			buildSettings = {
				ASSETCATALOG_COMPILER_APPICON_NAME = AppIcon;
				ASSETCATALOG_COMPILER_GLOBAL_ACCENT_COLOR_NAME = AccentColor;
				CODE_SIGN_STYLE = Automatic;
				CURRENT_PROJECT_VERSION = 1;
				DEVELOPMENT_TEAM = TK75PYXMLS;
				GENERATE_INFOPLIST_FILE = YES;
				INFOPLIST_FILE = RestaurantPay/Info.plist;
				INFOPLIST_KEY_UIApplicationSupportsIndirectInputEvents = YES;
				INFOPLIST_KEY_UILaunchStoryboardName = LaunchScreen;
				INFOPLIST_KEY_UISupportedInterfaceOrientations = UIInterfaceOrientationPortrait;
				INFOPLIST_KEY_UISupportedInterfaceOrientations_iPad = "UIInterfaceOrientationPortrait UIInterfaceOrientationPortraitUpsideDown UIInterfaceOrientationLandscapeLeft UIInterfaceOrientationLandscapeRight";
				INFOPLIST_KEY_UISupportedInterfaceOrientations_iPhone = "UIInterfaceOrientationPortrait UIInterfaceOrientationLandscapeLeft UIInterfaceOrientationLandscapeRight";
				LD_RUNPATH_SEARCH_PATHS = (
					"$(inherited)",
					"@executable_path/Frameworks",
				);
				MARKETING_VERSION = 1.0;
				PRODUCT_BUNDLE_IDENTIFIER = com.ProjetoCLima.RestaurantPay;
				PRODUCT_NAME = "$(TARGET_NAME)";
				SWIFT_EMIT_LOC_STRINGS = YES;
				SWIFT_VERSION = 5.0;
				TARGETED_DEVICE_FAMILY = "1,2";
			};
			name = Release;
		};
/* End XCBuildConfiguration section */

/* Begin XCConfigurationList section */
		4DF5A10F28AD288200A2FDF7 /* Build configuration list for PBXProject "RestaurantPay" */ = {
			isa = XCConfigurationList;
			buildConfigurations = (
				4DF5A12628AD288400A2FDF7 /* Debug */,
				4DF5A12728AD288400A2FDF7 /* Release */,
			);
			defaultConfigurationIsVisible = 0;
			defaultConfigurationName = Release;
		};
		4DF5A12828AD288400A2FDF7 /* Build configuration list for PBXNativeTarget "RestaurantPay" */ = {
			isa = XCConfigurationList;
			buildConfigurations = (
				4DF5A12928AD288400A2FDF7 /* Debug */,
				4DF5A12A28AD288400A2FDF7 /* Release */,
			);
			defaultConfigurationIsVisible = 0;
			defaultConfigurationName = Release;
		};
/* End XCConfigurationList section */
	};
	rootObject = 4DF5A10C28AD288200A2FDF7 /* Project object */;
}
